
Microsoft Visual Studio Solution File, Format Version 12.00
# Visual Studio Version 17
VisualStudioVersion = 17.0.32014.148
MinimumVisualStudioVersion = 10.0.40219.1
Project("{2150E333-8FDC-42A3-9474-1A3956D46DE8}") = "Web", "Web", "{9DF6EA1E-3EBC-49C8-88AC-89833711D130}"
EndProject
Project("{2150E333-8FDC-42A3-9474-1A3956D46DE8}") = "Services", "Services", "{748D1901-EE22-46D1-B534-B9D605E92154}"
EndProject
Project("{2150E333-8FDC-42A3-9474-1A3956D46DE8}") = "Catalog", "Catalog", "{1A93956A-62BA-411F-95C7-E6B7C9F09289}"
EndProject
Project("{2150E333-8FDC-42A3-9474-1A3956D46DE8}") = "tests", "tests", "{95B252D5-8772-441E-BC34-1F3768DE7B9F}"
EndProject
Project("{2150E333-8FDC-42A3-9474-1A3956D46DE8}") = "tests", "tests", "{FBA400A2-74D7-4116-9482-B644233F395F}"
EndProject
Project("{9A19103F-16F7-4668-BE54-9A1E7A4F7556}") = "WebMVC", "src\Web\WebMVC\WebMVC.csproj", "{87A6DFBD-49A2-456A-9AD6-1F8DF86903F2}"
EndProject
Project("{2150E333-8FDC-42A3-9474-1A3956D46DE8}") = "BuildingBlocks", "BuildingBlocks", "{7CFDF1F0-5F72-493B-9DBA-98B4AA05CAF4}"
EndProject
Project("{9A19103F-16F7-4668-BE54-9A1E7A4F7556}") = "Catalog.Domain", "src\Services\Catalog\Catalog.Domain\Catalog.Domain.csproj", "{AFAE0086-2187-40A3-82D3-51D69E0F0B0F}"
EndProject
Project("{9A19103F-16F7-4668-BE54-9A1E7A4F7556}") = "Catalog.API", "src\Services\Catalog\Catalog.API\Catalog.API.csproj", "{3ADEEAC2-F2FB-4120-AB94-E009CF3A56AB}"
EndProject
Project("{E53339B2-1760-4266-BCC7-CA923CBCF16C}") = "docker-compose", "docker-compose.dcproj", "{1C8717EF-56B6-43A0-8AF6-5A9B9798D128}"
EndProject
Project("{2150E333-8FDC-42A3-9474-1A3956D46DE8}") = "WebHost", "WebHost", "{820A7C63-29E4-4FCF-AF93-A9A86DEF078F}"
EndProject
Project("{2150E333-8FDC-42A3-9474-1A3956D46DE8}") = "EventBus", "EventBus", "{832C0F4F-1E9E-455D-88A0-F50801284952}"
EndProject
Project("{9A19103F-16F7-4668-BE54-9A1E7A4F7556}") = "WebHost.Customization", "src\BuildingBlocks\New folder\WebHost.Customization\WebHost.Customization.csproj", "{0B8D8977-58C0-47B7-9508-5DD68D1B2014}"
EndProject
Project("{9A19103F-16F7-4668-BE54-9A1E7A4F7556}") = "Catalog.UnitTests", "src\Services\Catalog\Catalog.UnitTests\Catalog.UnitTests.csproj", "{D542A113-5EFD-467D-82F6-0007A10C57B5}"
EndProject
Project("{FAE04EC0-301F-11D3-BF4B-00C04F79EFBC}") = "IntegrationEvents", "src\BuildingBlocks\EventBus\IntegrationEvents\IntegrationEvents.csproj", "{CCCA3C50-1C76-43FC-826F-2CE49FEEAA20}"
EndProject
Project("{FAE04EC0-301F-11D3-BF4B-00C04F79EFBC}") = "WebMVC.UnitTests", "src\Web\WebMVC.UnitTests\WebMVC.UnitTests.csproj", "{29902EB0-0A34-4860-B386-F26A6A9E83DC}"
EndProject
Global
	GlobalSection(SolutionConfigurationPlatforms) = preSolution
		Debug|Any CPU = Debug|Any CPU
		Release|Any CPU = Release|Any CPU
	EndGlobalSection
	GlobalSection(ProjectConfigurationPlatforms) = postSolution
		{87A6DFBD-49A2-456A-9AD6-1F8DF86903F2}.Debug|Any CPU.ActiveCfg = Debug|Any CPU
		{87A6DFBD-49A2-456A-9AD6-1F8DF86903F2}.Debug|Any CPU.Build.0 = Debug|Any CPU
		{87A6DFBD-49A2-456A-9AD6-1F8DF86903F2}.Release|Any CPU.ActiveCfg = Release|Any CPU
		{87A6DFBD-49A2-456A-9AD6-1F8DF86903F2}.Release|Any CPU.Build.0 = Release|Any CPU
		{AFAE0086-2187-40A3-82D3-51D69E0F0B0F}.Debug|Any CPU.ActiveCfg = Debug|Any CPU
		{AFAE0086-2187-40A3-82D3-51D69E0F0B0F}.Debug|Any CPU.Build.0 = Debug|Any CPU
		{AFAE0086-2187-40A3-82D3-51D69E0F0B0F}.Release|Any CPU.ActiveCfg = Release|Any CPU
		{AFAE0086-2187-40A3-82D3-51D69E0F0B0F}.Release|Any CPU.Build.0 = Release|Any CPU
		{3ADEEAC2-F2FB-4120-AB94-E009CF3A56AB}.Debug|Any CPU.ActiveCfg = Debug|Any CPU
		{3ADEEAC2-F2FB-4120-AB94-E009CF3A56AB}.Debug|Any CPU.Build.0 = Debug|Any CPU
		{3ADEEAC2-F2FB-4120-AB94-E009CF3A56AB}.Release|Any CPU.ActiveCfg = Release|Any CPU
		{3ADEEAC2-F2FB-4120-AB94-E009CF3A56AB}.Release|Any CPU.Build.0 = Release|Any CPU
		{1C8717EF-56B6-43A0-8AF6-5A9B9798D128}.Debug|Any CPU.ActiveCfg = Debug|Any CPU
		{1C8717EF-56B6-43A0-8AF6-5A9B9798D128}.Debug|Any CPU.Build.0 = Debug|Any CPU
		{1C8717EF-56B6-43A0-8AF6-5A9B9798D128}.Release|Any CPU.ActiveCfg = Release|Any CPU
		{1C8717EF-56B6-43A0-8AF6-5A9B9798D128}.Release|Any CPU.Build.0 = Release|Any CPU
		{0B8D8977-58C0-47B7-9508-5DD68D1B2014}.Debug|Any CPU.ActiveCfg = Debug|Any CPU
		{0B8D8977-58C0-47B7-9508-5DD68D1B2014}.Debug|Any CPU.Build.0 = Debug|Any CPU
		{0B8D8977-58C0-47B7-9508-5DD68D1B2014}.Release|Any CPU.ActiveCfg = Release|Any CPU
		{0B8D8977-58C0-47B7-9508-5DD68D1B2014}.Release|Any CPU.Build.0 = Release|Any CPU
		{D542A113-5EFD-467D-82F6-0007A10C57B5}.Debug|Any CPU.ActiveCfg = Debug|Any CPU
		{D542A113-5EFD-467D-82F6-0007A10C57B5}.Debug|Any CPU.Build.0 = Debug|Any CPU
		{D542A113-5EFD-467D-82F6-0007A10C57B5}.Release|Any CPU.ActiveCfg = Release|Any CPU
		{D542A113-5EFD-467D-82F6-0007A10C57B5}.Release|Any CPU.Build.0 = Release|Any CPU
		{CCCA3C50-1C76-43FC-826F-2CE49FEEAA20}.Debug|Any CPU.ActiveCfg = Debug|Any CPU
		{CCCA3C50-1C76-43FC-826F-2CE49FEEAA20}.Debug|Any CPU.Build.0 = Debug|Any CPU
		{CCCA3C50-1C76-43FC-826F-2CE49FEEAA20}.Release|Any CPU.ActiveCfg = Release|Any CPU
		{CCCA3C50-1C76-43FC-826F-2CE49FEEAA20}.Release|Any CPU.Build.0 = Release|Any CPU
		{29902EB0-0A34-4860-B386-F26A6A9E83DC}.Debug|Any CPU.ActiveCfg = Debug|Any CPU
		{29902EB0-0A34-4860-B386-F26A6A9E83DC}.Debug|Any CPU.Build.0 = Debug|Any CPU
		{29902EB0-0A34-4860-B386-F26A6A9E83DC}.Release|Any CPU.ActiveCfg = Release|Any CPU
		{29902EB0-0A34-4860-B386-F26A6A9E83DC}.Release|Any CPU.Build.0 = Release|Any CPU
	EndGlobalSection
	GlobalSection(SolutionProperties) = preSolution
		HideSolutionNode = FALSE
	EndGlobalSection
	GlobalSection(NestedProjects) = preSolution
		{1A93956A-62BA-411F-95C7-E6B7C9F09289} = {748D1901-EE22-46D1-B534-B9D605E92154}
		{95B252D5-8772-441E-BC34-1F3768DE7B9F} = {1A93956A-62BA-411F-95C7-E6B7C9F09289}
		{FBA400A2-74D7-4116-9482-B644233F395F} = {9DF6EA1E-3EBC-49C8-88AC-89833711D130}
		{87A6DFBD-49A2-456A-9AD6-1F8DF86903F2} = {9DF6EA1E-3EBC-49C8-88AC-89833711D130}
		{AFAE0086-2187-40A3-82D3-51D69E0F0B0F} = {1A93956A-62BA-411F-95C7-E6B7C9F09289}
		{3ADEEAC2-F2FB-4120-AB94-E009CF3A56AB} = {1A93956A-62BA-411F-95C7-E6B7C9F09289}
		{820A7C63-29E4-4FCF-AF93-A9A86DEF078F} = {7CFDF1F0-5F72-493B-9DBA-98B4AA05CAF4}
		{832C0F4F-1E9E-455D-88A0-F50801284952} = {7CFDF1F0-5F72-493B-9DBA-98B4AA05CAF4}
		{0B8D8977-58C0-47B7-9508-5DD68D1B2014} = {820A7C63-29E4-4FCF-AF93-A9A86DEF078F}
		{D542A113-5EFD-467D-82F6-0007A10C57B5} = {95B252D5-8772-441E-BC34-1F3768DE7B9F}
		{CCCA3C50-1C76-43FC-826F-2CE49FEEAA20} = {832C0F4F-1E9E-455D-88A0-F50801284952}
		{29902EB0-0A34-4860-B386-F26A6A9E83DC} = {FBA400A2-74D7-4116-9482-B644233F395F}
	EndGlobalSection
	GlobalSection(ExtensibilityGlobals) = postSolution
		SolutionGuid = {B19EF1D8-35D7-45AD-BB0F-3F922F60904B}
	EndGlobalSection
EndGlobal
